
Microsoft Visual Studio Solution File, Format Version 12.00
# Visual Studio Version 16
VisualStudioVersion = 16.0.31624.102
MinimumVisualStudioVersion = 10.0.40219.1
Project("{FAE04EC0-301F-11D3-BF4B-00C04F79EFBC}") = "Sudoku Project", "Sudoku Project\Sudoku Project.csproj", "{29FC1740-906B-43DB-8872-4E9A94D0E1FC}"
EndProject
Global
	GlobalSection(SolutionConfigurationPlatforms) = preSolution
		Debug|Any CPU = Debug|Any CPU
		Release|Any CPU = Release|Any CPU
	EndGlobalSection
	GlobalSection(ProjectConfigurationPlatforms) = postSolution
		{29FC1740-906B-43DB-8872-4E9A94D0E1FC}.Debug|Any CPU.ActiveCfg = Debug|Any CPU
		{29FC1740-906B-43DB-8872-4E9A94D0E1FC}.Debug|Any CPU.Build.0 = Debug|Any CPU
		{29FC1740-906B-43DB-8872-4E9A94D0E1FC}.Release|Any CPU.ActiveCfg = Release|Any CPU
		{29FC1740-906B-43DB-8872-4E9A94D0E1FC}.Release|Any CPU.Build.0 = Release|Any CPU
	EndGlobalSection
	GlobalSection(SolutionProperties) = preSolution
		HideSolutionNode = FALSE
	EndGlobalSection
	GlobalSection(ExtensibilityGlobals) = postSolution
		SolutionGuid = {2A873688-D72A-4C22-BF34-582225F38883}
	EndGlobalSection
EndGlobal
